
Microsoft Visual Studio Solution File, Format Version 12.00
# Visual Studio Version 17
VisualStudioVersion = 17.2.32427.441
MinimumVisualStudioVersion = 10.0.40219.1
Project("{8BC9CEB8-8B4A-11D0-8D11-00A0C91BC942}") = "LowLevelKeyboardhook", "LowLevelKeyboardhook\LowLevelKeyboardhook.vcxproj", "{693A177A-3F4B-4B7C-B32C-80B190A22736}"
EndProject
Global
	GlobalSection(SolutionConfigurationPlatforms) = preSolution
		Block|x64 = Block|x64
		Block|x86 = Block|x86
		Debug|x64 = Debug|x64
		Debug|x86 = Debug|x86
		Listen|x64 = Listen|x64
		Listen|x86 = Listen|x86
		Release|x64 = Release|x64
		Release|x86 = Release|x86
	EndGlobalSection
	GlobalSection(ProjectConfigurationPlatforms) = postSolution
		{693A177A-3F4B-4B7C-B32C-80B190A22736}.Block|x64.ActiveCfg = Block|x64
		{693A177A-3F4B-4B7C-B32C-80B190A22736}.Block|x64.Build.0 = Block|x64
		{693A177A-3F4B-4B7C-B32C-80B190A22736}.Block|x86.ActiveCfg = Block|Win32
		{693A177A-3F4B-4B7C-B32C-80B190A22736}.Block|x86.Build.0 = Block|Win32
		{693A177A-3F4B-4B7C-B32C-80B190A22736}.Debug|x64.ActiveCfg = Debug|x64
		{693A177A-3F4B-4B7C-B32C-80B190A22736}.Debug|x64.Build.0 = Debug|x64
		{693A177A-3F4B-4B7C-B32C-80B190A22736}.Debug|x86.ActiveCfg = Debug|Win32
		{693A177A-3F4B-4B7C-B32C-80B190A22736}.Debug|x86.Build.0 = Debug|Win32
		{693A177A-3F4B-4B7C-B32C-80B190A22736}.Listen|x64.ActiveCfg = Listen|x64
		{693A177A-3F4B-4B7C-B32C-80B190A22736}.Listen|x64.Build.0 = Listen|x64
		{693A177A-3F4B-4B7C-B32C-80B190A22736}.Listen|x86.ActiveCfg = Listen|Win32
		{693A177A-3F4B-4B7C-B32C-80B190A22736}.Listen|x86.Build.0 = Listen|Win32
		{693A177A-3F4B-4B7C-B32C-80B190A22736}.Release|x64.ActiveCfg = Release|x64
		{693A177A-3F4B-4B7C-B32C-80B190A22736}.Release|x64.Build.0 = Release|x64
		{693A177A-3F4B-4B7C-B32C-80B190A22736}.Release|x86.ActiveCfg = Release|Win32
		{693A177A-3F4B-4B7C-B32C-80B190A22736}.Release|x86.Build.0 = Release|Win32
	EndGlobalSection
	GlobalSection(SolutionProperties) = preSolution
		HideSolutionNode = FALSE
	EndGlobalSection
	GlobalSection(ExtensibilityGlobals) = postSolution
		SolutionGuid = {2E027F64-CDFD-4D23-9A7B-2F1B76B777C2}
	EndGlobalSection
EndGlobal
